
Microsoft Visual Studio Solution File, Format Version 12.00
# Visual Studio Version 17
VisualStudioVersion = 17.4.33213.308
MinimumVisualStudioVersion = 10.0.40219.1
Project("{9A19103F-16F7-4668-BE54-9A1E7A4F7556}") = "Test", "Test\Test.csproj", "{09ED92E9-71C9-48AB-B06E-2D091B182CCF}"
EndProject
Project("{9A19103F-16F7-4668-BE54-9A1E7A4F7556}") = "Test.Database", "Test.Database\Test.Database.csproj", "{8AC4C9DF-E9DA-4518-9656-52C16F67F179}"
EndProject
Project("{2150E333-8FDC-42A3-9474-1A3956D46DE8}") = "Scripts", "Scripts", "{9A5DEE86-F559-4652-8EF2-8B2CAD55A9CF}"
	ProjectSection(SolutionItems) = preProject
		Migration.ps1 = Migration.ps1
	EndProjectSection
EndProject
Project("{9A19103F-16F7-4668-BE54-9A1E7A4F7556}") = "Test.Api", "Test.Api\Test.Api.csproj", "{547FE97A-C9EC-4A78-A614-98EE9A9138B1}"
EndProject
Project("{FAE04EC0-301F-11D3-BF4B-00C04F79EFBC}") = "Test.ControllerGenerator", "Test.ControllerGenerator\Test.ControllerGenerator.csproj", "{225E9EAC-5ABE-494D-BC70-3C84B5305F76}"
EndProject
Project("{FAE04EC0-301F-11D3-BF4B-00C04F79EFBC}") = "Test.Shared", "Test.Shared\Test.Shared.csproj", "{4F3A5CB6-1ED6-4432-BA19-79DA916D085A}"
EndProject
Project("{2150E333-8FDC-42A3-9474-1A3956D46DE8}") = ".Solution files", ".Solution files", "{4B624765-019F-4152-91DE-67090FD440DC}"
	ProjectSection(SolutionItems) = preProject
		.editorconfig = .editorconfig
		Directory.Build.props = Directory.Build.props
		Directory.Packages.props = Directory.Packages.props
		NuGet.Config = NuGet.Config
	EndProjectSection
EndProject
Project("{2150E333-8FDC-42A3-9474-1A3956D46DE8}") = "Auth", "Auth", "{02EA681E-C7D8-13C7-8484-4AC65E1B71E8}"
EndProject
Project("{54A90642-561A-4BB1-A94E-469ADEE60C69}") = "test.sessionauth.client", "Auth\test.sessionauth.client\test.sessionauth.client.esproj", "{9A929D14-55E0-852B-00B6-914A52F220AE}"
EndProject
Project("{FAE04EC0-301F-11D3-BF4B-00C04F79EFBC}") = "Test.SessionAuth.Server", "Auth\Test.SessionAuth.Server\Test.SessionAuth.Server.csproj", "{9BDE51CE-7FFC-4940-A67C-E381D246351E}"
EndProject
Global
	GlobalSection(SolutionConfigurationPlatforms) = preSolution
		Debug|Any CPU = Debug|Any CPU
		Release|Any CPU = Release|Any CPU
	EndGlobalSection
	GlobalSection(ProjectConfigurationPlatforms) = postSolution
		{09ED92E9-71C9-48AB-B06E-2D091B182CCF}.Debug|Any CPU.ActiveCfg = Debug|Any CPU
		{09ED92E9-71C9-48AB-B06E-2D091B182CCF}.Debug|Any CPU.Build.0 = Debug|Any CPU
		{09ED92E9-71C9-48AB-B06E-2D091B182CCF}.Release|Any CPU.ActiveCfg = Release|Any CPU
		{09ED92E9-71C9-48AB-B06E-2D091B182CCF}.Release|Any CPU.Build.0 = Release|Any CPU
		{8AC4C9DF-E9DA-4518-9656-52C16F67F179}.Debug|Any CPU.ActiveCfg = Debug|Any CPU
		{8AC4C9DF-E9DA-4518-9656-52C16F67F179}.Debug|Any CPU.Build.0 = Debug|Any CPU
		{8AC4C9DF-E9DA-4518-9656-52C16F67F179}.Release|Any CPU.ActiveCfg = Release|Any CPU
		{8AC4C9DF-E9DA-4518-9656-52C16F67F179}.Release|Any CPU.Build.0 = Release|Any CPU
		{547FE97A-C9EC-4A78-A614-98EE9A9138B1}.Debug|Any CPU.ActiveCfg = Debug|Any CPU
		{547FE97A-C9EC-4A78-A614-98EE9A9138B1}.Debug|Any CPU.Build.0 = Debug|Any CPU
		{547FE97A-C9EC-4A78-A614-98EE9A9138B1}.Release|Any CPU.ActiveCfg = Release|Any CPU
		{547FE97A-C9EC-4A78-A614-98EE9A9138B1}.Release|Any CPU.Build.0 = Release|Any CPU
		{225E9EAC-5ABE-494D-BC70-3C84B5305F76}.Debug|Any CPU.ActiveCfg = Debug|Any CPU
		{225E9EAC-5ABE-494D-BC70-3C84B5305F76}.Debug|Any CPU.Build.0 = Debug|Any CPU
		{225E9EAC-5ABE-494D-BC70-3C84B5305F76}.Release|Any CPU.ActiveCfg = Release|Any CPU
		{225E9EAC-5ABE-494D-BC70-3C84B5305F76}.Release|Any CPU.Build.0 = Release|Any CPU
		{4F3A5CB6-1ED6-4432-BA19-79DA916D085A}.Debug|Any CPU.ActiveCfg = Debug|Any CPU
		{4F3A5CB6-1ED6-4432-BA19-79DA916D085A}.Debug|Any CPU.Build.0 = Debug|Any CPU
		{4F3A5CB6-1ED6-4432-BA19-79DA916D085A}.Release|Any CPU.ActiveCfg = Release|Any CPU
		{4F3A5CB6-1ED6-4432-BA19-79DA916D085A}.Release|Any CPU.Build.0 = Release|Any CPU
		{9A929D14-55E0-852B-00B6-914A52F220AE}.Debug|Any CPU.ActiveCfg = Debug|Any CPU
		{9A929D14-55E0-852B-00B6-914A52F220AE}.Debug|Any CPU.Build.0 = Debug|Any CPU
		{9A929D14-55E0-852B-00B6-914A52F220AE}.Debug|Any CPU.Deploy.0 = Debug|Any CPU
		{9A929D14-55E0-852B-00B6-914A52F220AE}.Release|Any CPU.ActiveCfg = Release|Any CPU
		{9A929D14-55E0-852B-00B6-914A52F220AE}.Release|Any CPU.Build.0 = Release|Any CPU
		{9A929D14-55E0-852B-00B6-914A52F220AE}.Release|Any CPU.Deploy.0 = Release|Any CPU
		{9BDE51CE-7FFC-4940-A67C-E381D246351E}.Debug|Any CPU.ActiveCfg = Debug|Any CPU
		{9BDE51CE-7FFC-4940-A67C-E381D246351E}.Debug|Any CPU.Build.0 = Debug|Any CPU
		{9BDE51CE-7FFC-4940-A67C-E381D246351E}.Release|Any CPU.ActiveCfg = Release|Any CPU
		{9BDE51CE-7FFC-4940-A67C-E381D246351E}.Release|Any CPU.Build.0 = Release|Any CPU
	EndGlobalSection
	GlobalSection(SolutionProperties) = preSolution
		HideSolutionNode = FALSE
	EndGlobalSection
	GlobalSection(NestedProjects) = preSolution
		{9A929D14-55E0-852B-00B6-914A52F220AE} = {02EA681E-C7D8-13C7-8484-4AC65E1B71E8}
		{9BDE51CE-7FFC-4940-A67C-E381D246351E} = {02EA681E-C7D8-13C7-8484-4AC65E1B71E8}
	EndGlobalSection
	GlobalSection(ExtensibilityGlobals) = postSolution
		SolutionGuid = {21A59BC8-D546-4FEB-919E-8A4CAC4524C3}
	EndGlobalSection
EndGlobal
